
Microsoft Visual Studio Solution File, Format Version 12.00
# Visual Studio Version 17
VisualStudioVersion = 17.0.31903.59
MinimumVisualStudioVersion = 10.0.40219.1
Project("{9A19103F-16F7-4668-BE54-9A1E7A4F7556}") = "WildHare", "WildHare\WildHare.csproj", "{870E459E-AC16-406E-93F5-B91864C5FC2A}"
EndProject
Project("{9A19103F-16F7-4668-BE54-9A1E7A4F7556}") = "WildHare.Tests", "WildHare.Tests\WildHare.Tests.csproj", "{A19BC9B8-6650-4785-885E-21A230A75BA2}"
EndProject
Project("{9A19103F-16F7-4668-BE54-9A1E7A4F7556}") = "WildHare.Web", "WildHare.Web\WildHare.Web.csproj", "{361776AC-CF28-41B8-AA11-135642B93173}"
EndProject
Project("{2150E333-8FDC-42A3-9474-1A3956D46DE8}") = "Solution Items", "Solution Items", "{20F091BD-BC55-43AF-8A86-EBB7C05AB9E4}"
	ProjectSection(SolutionItems) = preProject
		.editorconfig = .editorconfig
	EndProjectSection
EndProject
Project("{9A19103F-16F7-4668-BE54-9A1E7A4F7556}") = "CodeGen", "CodeGen\CodeGen.csproj", "{2304B15F-740D-4157-AA50-F29AD95505F0}"
EndProject
Global
	GlobalSection(SolutionConfigurationPlatforms) = preSolution
		Debug|Any CPU = Debug|Any CPU
		Release|Any CPU = Release|Any CPU
	EndGlobalSection
	GlobalSection(ProjectConfigurationPlatforms) = postSolution
		{870E459E-AC16-406E-93F5-B91864C5FC2A}.Debug|Any CPU.ActiveCfg = Debug|Any CPU
		{870E459E-AC16-406E-93F5-B91864C5FC2A}.Debug|Any CPU.Build.0 = Debug|Any CPU
		{870E459E-AC16-406E-93F5-B91864C5FC2A}.Release|Any CPU.ActiveCfg = Release|Any CPU
		{870E459E-AC16-406E-93F5-B91864C5FC2A}.Release|Any CPU.Build.0 = Release|Any CPU
		{A19BC9B8-6650-4785-885E-21A230A75BA2}.Debug|Any CPU.ActiveCfg = Debug|Any CPU
		{A19BC9B8-6650-4785-885E-21A230A75BA2}.Debug|Any CPU.Build.0 = Debug|Any CPU
		{A19BC9B8-6650-4785-885E-21A230A75BA2}.Release|Any CPU.ActiveCfg = Release|Any CPU
		{A19BC9B8-6650-4785-885E-21A230A75BA2}.Release|Any CPU.Build.0 = Release|Any CPU
		{361776AC-CF28-41B8-AA11-135642B93173}.Debug|Any CPU.ActiveCfg = Debug|Any CPU
		{361776AC-CF28-41B8-AA11-135642B93173}.Debug|Any CPU.Build.0 = Debug|Any CPU
		{361776AC-CF28-41B8-AA11-135642B93173}.Release|Any CPU.ActiveCfg = Release|Any CPU
		{361776AC-CF28-41B8-AA11-135642B93173}.Release|Any CPU.Build.0 = Release|Any CPU
		{2304B15F-740D-4157-AA50-F29AD95505F0}.Debug|Any CPU.ActiveCfg = Debug|Any CPU
		{2304B15F-740D-4157-AA50-F29AD95505F0}.Debug|Any CPU.Build.0 = Debug|Any CPU
		{2304B15F-740D-4157-AA50-F29AD95505F0}.Release|Any CPU.ActiveCfg = Release|Any CPU
		{2304B15F-740D-4157-AA50-F29AD95505F0}.Release|Any CPU.Build.0 = Release|Any CPU
	EndGlobalSection
	GlobalSection(SolutionProperties) = preSolution
		HideSolutionNode = FALSE
	EndGlobalSection
	GlobalSection(ExtensibilityGlobals) = postSolution
		SolutionGuid = {DF0115A7-B234-4B5A-AC24-B98E32CF4625}
	EndGlobalSection
EndGlobal
