
Microsoft Visual Studio Solution File, Format Version 12.00
# Visual Studio 15
VisualStudioVersion = 15.0.27004.2009
MinimumVisualStudioVersion = 10.0.40219.1
Project("{9A19103F-16F7-4668-BE54-9A1E7A4F7556}") = "WildHare", "WildHare\WildHare.csproj", "{870E459E-AC16-406E-93F5-B91864C5FC2A}"
EndProject
Project("{FAE04EC0-301F-11D3-BF4B-00C04F79EFBC}") = "WildHare.Tests", "Tests.WildHare\WildHare.Tests.csproj", "{64F02F36-8C59-4BFF-9B03-A98E487D9977}"
EndProject
Global
	GlobalSection(SolutionConfigurationPlatforms) = preSolution
		Debug|Any CPU = Debug|Any CPU
		Release|Any CPU = Release|Any CPU
	EndGlobalSection
	GlobalSection(ProjectConfigurationPlatforms) = postSolution
		{870E459E-AC16-406E-93F5-B91864C5FC2A}.Debug|Any CPU.ActiveCfg = Debug|Any CPU
		{870E459E-AC16-406E-93F5-B91864C5FC2A}.Debug|Any CPU.Build.0 = Debug|Any CPU
		{870E459E-AC16-406E-93F5-B91864C5FC2A}.Release|Any CPU.ActiveCfg = Release|Any CPU
		{870E459E-AC16-406E-93F5-B91864C5FC2A}.Release|Any CPU.Build.0 = Release|Any CPU
		{64F02F36-8C59-4BFF-9B03-A98E487D9977}.Debug|Any CPU.ActiveCfg = Debug|Any CPU
		{64F02F36-8C59-4BFF-9B03-A98E487D9977}.Debug|Any CPU.Build.0 = Debug|Any CPU
		{64F02F36-8C59-4BFF-9B03-A98E487D9977}.Release|Any CPU.ActiveCfg = Release|Any CPU
		{64F02F36-8C59-4BFF-9B03-A98E487D9977}.Release|Any CPU.Build.0 = Release|Any CPU
	EndGlobalSection
	GlobalSection(SolutionProperties) = preSolution
		HideSolutionNode = FALSE
	EndGlobalSection
	GlobalSection(ExtensibilityGlobals) = postSolution
		SolutionGuid = {DF0115A7-B234-4B5A-AC24-B98E32CF4625}
	EndGlobalSection
EndGlobal
